// !$*UTF8*$!
{
	archiveVersion = 1;
	classes = {
	};
	objectVersion = 56;
	objects = {

/* Begin PBXBuildFile section */
		8027CD822928B9DD00873A26 /* WednesdayViewController.swift in Sources */ = {isa = PBXBuildFile; fileRef = 8027CD812928B9DD00873A26 /* WednesdayViewController.swift */; };
		8027CD842928BA1F00873A26 /* WednesdayViewController.storyboard in Resources */ = {isa = PBXBuildFile; fileRef = 8027CD832928BA1F00873A26 /* WednesdayViewController.storyboard */; };
		8027CD862928BF5D00873A26 /* ThursdayViewController.swift in Sources */ = {isa = PBXBuildFile; fileRef = 8027CD852928BF5D00873A26 /* ThursdayViewController.swift */; };
		8027CD882928BF7D00873A26 /* ThursdayViewController.storyboard in Resources */ = {isa = PBXBuildFile; fileRef = 8027CD872928BF7D00873A26 /* ThursdayViewController.storyboard */; };
		8049B1D22928A3E800495CA3 /* AppDelegate.swift in Sources */ = {isa = PBXBuildFile; fileRef = 8049B1D12928A3E800495CA3 /* AppDelegate.swift */; };
		8049B1D42928A3E800495CA3 /* SceneDelegate.swift in Sources */ = {isa = PBXBuildFile; fileRef = 8049B1D32928A3E800495CA3 /* SceneDelegate.swift */; };
		8049B1D62928A3E800495CA3 /* PageViewSampleViewController.swift in Sources */ = {isa = PBXBuildFile; fileRef = 8049B1D52928A3E800495CA3 /* PageViewSampleViewController.swift */; };
		8049B1D92928A3E800495CA3 /* Main.storyboard in Resources */ = {isa = PBXBuildFile; fileRef = 8049B1D72928A3E800495CA3 /* Main.storyboard */; };
		8049B1DB2928A3E900495CA3 /* Assets.xcassets in Resources */ = {isa = PBXBuildFile; fileRef = 8049B1DA2928A3E900495CA3 /* Assets.xcassets */; };
		8049B1DE2928A3E900495CA3 /* LaunchScreen.storyboard in Resources */ = {isa = PBXBuildFile; fileRef = 8049B1DC2928A3E900495CA3 /* LaunchScreen.storyboard */; };
		8049B1E62928A41200495CA3 /* MondayViewController.swift in Sources */ = {isa = PBXBuildFile; fileRef = 8049B1E52928A41200495CA3 /* MondayViewController.swift */; };
		8049B1E82928A47000495CA3 /* MondayViewController.storyboard in Resources */ = {isa = PBXBuildFile; fileRef = 8049B1E72928A47000495CA3 /* MondayViewController.storyboard */; };
		8049B1EB2928AB1E00495CA3 /* TusedayViewController.swift in Sources */ = {isa = PBXBuildFile; fileRef = 8049B1EA2928AB1E00495CA3 /* TusedayViewController.swift */; };
		8049B1ED2928AB3C00495CA3 /* TusedayViewController.storyboard in Resources */ = {isa = PBXBuildFile; fileRef = 8049B1EC2928AB3C00495CA3 /* TusedayViewController.storyboard */; };
/* End PBXBuildFile section */

/* Begin PBXFileReference section */
		8027CD812928B9DD00873A26 /* WednesdayViewController.swift */ = {isa = PBXFileReference; lastKnownFileType = sourcecode.swift; path = WednesdayViewController.swift; sourceTree = "<group>"; };
		8027CD832928BA1F00873A26 /* WednesdayViewController.storyboard */ = {isa = PBXFileReference; lastKnownFileType = file.storyboard; path = WednesdayViewController.storyboard; sourceTree = "<group>"; };
		8027CD852928BF5D00873A26 /* ThursdayViewController.swift */ = {isa = PBXFileReference; lastKnownFileType = sourcecode.swift; path = ThursdayViewController.swift; sourceTree = "<group>"; };
		8027CD872928BF7D00873A26 /* ThursdayViewController.storyboard */ = {isa = PBXFileReference; lastKnownFileType = file.storyboard; path = ThursdayViewController.storyboard; sourceTree = "<group>"; };
		8049B1CE2928A3E800495CA3 /* PageViewSample.app */ = {isa = PBXFileReference; explicitFileType = wrapper.application; includeInIndex = 0; path = PageViewSample.app; sourceTree = BUILT_PRODUCTS_DIR; };
		8049B1D12928A3E800495CA3 /* AppDelegate.swift */ = {isa = PBXFileReference; lastKnownFileType = sourcecode.swift; path = AppDelegate.swift; sourceTree = "<group>"; };
		8049B1D32928A3E800495CA3 /* SceneDelegate.swift */ = {isa = PBXFileReference; lastKnownFileType = sourcecode.swift; path = SceneDelegate.swift; sourceTree = "<group>"; };
		8049B1D52928A3E800495CA3 /* PageViewSampleViewController.swift */ = {isa = PBXFileReference; lastKnownFileType = sourcecode.swift; path = PageViewSampleViewController.swift; sourceTree = "<group>"; };
		8049B1D82928A3E800495CA3 /* Base */ = {isa = PBXFileReference; lastKnownFileType = file.storyboard; name = Base; path = Base.lproj/Main.storyboard; sourceTree = "<group>"; };
		8049B1DA2928A3E900495CA3 /* Assets.xcassets */ = {isa = PBXFileReference; lastKnownFileType = folder.assetcatalog; path = Assets.xcassets; sourceTree = "<group>"; };
		8049B1DD2928A3E900495CA3 /* Base */ = {isa = PBXFileReference; lastKnownFileType = file.storyboard; name = Base; path = Base.lproj/LaunchScreen.storyboard; sourceTree = "<group>"; };
		8049B1DF2928A3E900495CA3 /* Info.plist */ = {isa = PBXFileReference; lastKnownFileType = text.plist.xml; path = Info.plist; sourceTree = "<group>"; };
		8049B1E52928A41200495CA3 /* MondayViewController.swift */ = {isa = PBXFileReference; lastKnownFileType = sourcecode.swift; path = MondayViewController.swift; sourceTree = "<group>"; };
		8049B1E72928A47000495CA3 /* MondayViewController.storyboard */ = {isa = PBXFileReference; lastKnownFileType = file.storyboard; path = MondayViewController.storyboard; sourceTree = "<group>"; };
		8049B1EA2928AB1E00495CA3 /* TusedayViewController.swift */ = {isa = PBXFileReference; lastKnownFileType = sourcecode.swift; path = TusedayViewController.swift; sourceTree = "<group>"; };
		8049B1EC2928AB3C00495CA3 /* TusedayViewController.storyboard */ = {isa = PBXFileReference; lastKnownFileType = file.storyboard; path = TusedayViewController.storyboard; sourceTree = "<group>"; };
/* End PBXFileReference section */

/* Begin PBXFrameworksBuildPhase section */
		8049B1CB2928A3E800495CA3 /* Frameworks */ = {
			isa = PBXFrameworksBuildPhase;
			buildActionMask = 2147483647;
			files = (
			);
			runOnlyForDeploymentPostprocessing = 0;
		};
/* End PBXFrameworksBuildPhase section */

/* Begin PBXGroup section */
		8049B1C52928A3E800495CA3 = {
			isa = PBXGroup;
			children = (
				8049B1D02928A3E800495CA3 /* PageViewSample */,
				8049B1CF2928A3E800495CA3 /* Products */,
			);
			sourceTree = "<group>";
		};
		8049B1CF2928A3E800495CA3 /* Products */ = {
			isa = PBXGroup;
			children = (
				8049B1CE2928A3E800495CA3 /* PageViewSample.app */,
			);
			name = Products;
			sourceTree = "<group>";
		};
		8049B1D02928A3E800495CA3 /* PageViewSample */ = {
			isa = PBXGroup;
			children = (
				8049B1D12928A3E800495CA3 /* AppDelegate.swift */,
				8049B1D32928A3E800495CA3 /* SceneDelegate.swift */,
				8049B1D52928A3E800495CA3 /* PageViewSampleViewController.swift */,
				8049B1D72928A3E800495CA3 /* Main.storyboard */,
				8049B1DA2928A3E900495CA3 /* Assets.xcassets */,
				8049B1DC2928A3E900495CA3 /* LaunchScreen.storyboard */,
				8049B1DF2928A3E900495CA3 /* Info.plist */,
				8049B1E92928AAFF00495CA3 /* Contents */,
			);
			path = PageViewSample;
			sourceTree = "<group>";
		};
		8049B1E92928AAFF00495CA3 /* Contents */ = {
			isa = PBXGroup;
			children = (
				8049B1E52928A41200495CA3 /* MondayViewController.swift */,
				8049B1E72928A47000495CA3 /* MondayViewController.storyboard */,
				8049B1EA2928AB1E00495CA3 /* TusedayViewController.swift */,
				8049B1EC2928AB3C00495CA3 /* TusedayViewController.storyboard */,
				8027CD812928B9DD00873A26 /* WednesdayViewController.swift */,
				8027CD832928BA1F00873A26 /* WednesdayViewController.storyboard */,
				8027CD852928BF5D00873A26 /* ThursdayViewController.swift */,
				8027CD872928BF7D00873A26 /* ThursdayViewController.storyboard */,
			);
			path = Contents;
			sourceTree = "<group>";
		};
/* End PBXGroup section */

/* Begin PBXNativeTarget section */
		8049B1CD2928A3E800495CA3 /* PageViewSample */ = {
			isa = PBXNativeTarget;
			buildConfigurationList = 8049B1E22928A3E900495CA3 /* Build configuration list for PBXNativeTarget "PageViewSample" */;
			buildPhases = (
				8049B1CA2928A3E800495CA3 /* Sources */,
				8049B1CB2928A3E800495CA3 /* Frameworks */,
				8049B1CC2928A3E800495CA3 /* Resources */,
			);
			buildRules = (
			);
			dependencies = (
			);
			name = PageViewSample;
			productName = PageViewSample;
			productReference = 8049B1CE2928A3E800495CA3 /* PageViewSample.app */;
			productType = "com.apple.product-type.application";
		};
/* End PBXNativeTarget section */

/* Begin PBXProject section */
		8049B1C62928A3E800495CA3 /* Project object */ = {
			isa = PBXProject;
			attributes = {
				BuildIndependentTargetsInParallel = 1;
				LastSwiftUpdateCheck = 1410;
				LastUpgradeCheck = 1410;
				TargetAttributes = {
					8049B1CD2928A3E800495CA3 = {
						CreatedOnToolsVersion = 14.1;
					};
				};
			};
			buildConfigurationList = 8049B1C92928A3E800495CA3 /* Build configuration list for PBXProject "PageViewSample" */;
			compatibilityVersion = "Xcode 14.0";
			developmentRegion = en;
			hasScannedForEncodings = 0;
			knownRegions = (
				en,
				Base,
			);
			mainGroup = 8049B1C52928A3E800495CA3;
			productRefGroup = 8049B1CF2928A3E800495CA3 /* Products */;
			projectDirPath = "";
			projectRoot = "";
			targets = (
				8049B1CD2928A3E800495CA3 /* PageViewSample */,
			);
		};
/* End PBXProject section */

/* Begin PBXResourcesBuildPhase section */
		8049B1CC2928A3E800495CA3 /* Resources */ = {
			isa = PBXResourcesBuildPhase;
			buildActionMask = 2147483647;
			files = (
				8027CD842928BA1F00873A26 /* WednesdayViewController.storyboard in Resources */,
				8049B1DE2928A3E900495CA3 /* LaunchScreen.storyboard in Resources */,
				8049B1E82928A47000495CA3 /* MondayViewController.storyboard in Resources */,
				8027CD882928BF7D00873A26 /* ThursdayViewController.storyboard in Resources */,
				8049B1ED2928AB3C00495CA3 /* TusedayViewController.storyboard in Resources */,
				8049B1DB2928A3E900495CA3 /* Assets.xcassets in Resources */,
				8049B1D92928A3E800495CA3 /* Main.storyboard in Resources */,
			);
			runOnlyForDeploymentPostprocessing = 0;
		};
/* End PBXResourcesBuildPhase section */

/* Begin PBXSourcesBuildPhase section */
		8049B1CA2928A3E800495CA3 /* Sources */ = {
			isa = PBXSourcesBuildPhase;
			buildActionMask = 2147483647;
			files = (
				8049B1D62928A3E800495CA3 /* PageViewSampleViewController.swift in Sources */,
				8027CD822928B9DD00873A26 /* WednesdayViewController.swift in Sources */,
				8049B1D22928A3E800495CA3 /* AppDelegate.swift in Sources */,
				8049B1EB2928AB1E00495CA3 /* TusedayViewController.swift in Sources */,
				8049B1E62928A41200495CA3 /* MondayViewController.swift in Sources */,
				8049B1D42928A3E800495CA3 /* SceneDelegate.swift in Sources */,
				8027CD862928BF5D00873A26 /* ThursdayViewController.swift in Sources */,
			);
			runOnlyForDeploymentPostprocessing = 0;
		};
/* End PBXSourcesBuildPhase section */

/* Begin PBXVariantGroup section */
		8049B1D72928A3E800495CA3 /* Main.storyboard */ = {
			isa = PBXVariantGroup;
			children = (
				8049B1D82928A3E800495CA3 /* Base */,
			);
			name = Main.storyboard;
			sourceTree = "<group>";
		};
		8049B1DC2928A3E900495CA3 /* LaunchScreen.storyboard */ = {
			isa = PBXVariantGroup;
			children = (
				8049B1DD2928A3E900495CA3 /* Base */,
			);
			name = LaunchScreen.storyboard;
			sourceTree = "<group>";
		};
/* End PBXVariantGroup section */

/* Begin XCBuildConfiguration section */
		8049B1E02928A3E900495CA3 /* Debug */ = {
			isa = XCBuildConfiguration;
			buildSettings = {
				ALWAYS_SEARCH_USER_PATHS = NO;
				CLANG_ANALYZER_NONNULL = YES;
				CLANG_ANALYZER_NUMBER_OBJECT_CONVERSION = YES_AGGRESSIVE;
				CLANG_CXX_LANGUAGE_STANDARD = "gnu++20";
				CLANG_ENABLE_MODULES = YES;
				CLANG_ENABLE_OBJC_ARC = YES;
				CLANG_ENABLE_OBJC_WEAK = YES;
				CLANG_WARN_BLOCK_CAPTURE_AUTORELEASING = YES;
				CLANG_WARN_BOOL_CONVERSION = YES;
				CLANG_WARN_COMMA = YES;
				CLANG_WARN_CONSTANT_CONVERSION = YES;
				CLANG_WARN_DEPRECATED_OBJC_IMPLEMENTATIONS = YES;
				CLANG_WARN_DIRECT_OBJC_ISA_USAGE = YES_ERROR;
				CLANG_WARN_DOCUMENTATION_COMMENTS = YES;
				CLANG_WARN_EMPTY_BODY = YES;
				CLANG_WARN_ENUM_CONVERSION = YES;
				CLANG_WARN_INFINITE_RECURSION = YES;
				CLANG_WARN_INT_CONVERSION = YES;
				CLANG_WARN_NON_LITERAL_NULL_CONVERSION = YES;
				CLANG_WARN_OBJC_IMPLICIT_RETAIN_SELF = YES;
				CLANG_WARN_OBJC_LITERAL_CONVERSION = YES;
				CLANG_WARN_OBJC_ROOT_CLASS = YES_ERROR;
				CLANG_WARN_QUOTED_INCLUDE_IN_FRAMEWORK_HEADER = YES;
				CLANG_WARN_RANGE_LOOP_ANALYSIS = YES;
				CLANG_WARN_STRICT_PROTOTYPES = YES;
				CLANG_WARN_SUSPICIOUS_MOVE = YES;
				CLANG_WARN_UNGUARDED_AVAILABILITY = YES_AGGRESSIVE;
				CLANG_WARN_UNREACHABLE_CODE = YES;
				CLANG_WARN__DUPLICATE_METHOD_MATCH = YES;
				COPY_PHASE_STRIP = NO;
				DEBUG_INFORMATION_FORMAT = dwarf;
				ENABLE_STRICT_OBJC_MSGSEND = YES;
				ENABLE_TESTABILITY = YES;
				GCC_C_LANGUAGE_STANDARD = gnu11;
				GCC_DYNAMIC_NO_PIC = NO;
				GCC_NO_COMMON_BLOCKS = YES;
				GCC_OPTIMIZATION_LEVEL = 0;
				GCC_PREPROCESSOR_DEFINITIONS = (
					"DEBUG=1",
					"$(inherited)",
				);
				GCC_WARN_64_TO_32_BIT_CONVERSION = YES;
				GCC_WARN_ABOUT_RETURN_TYPE = YES_ERROR;
				GCC_WARN_UNDECLARED_SELECTOR = YES;
				GCC_WARN_UNINITIALIZED_AUTOS = YES_AGGRESSIVE;
				GCC_WARN_UNUSED_FUNCTION = YES;
				GCC_WARN_UNUSED_VARIABLE = YES;
				IPHONEOS_DEPLOYMENT_TARGET = 16.1;
				MTL_ENABLE_DEBUG_INFO = INCLUDE_SOURCE;
				MTL_FAST_MATH = YES;
				ONLY_ACTIVE_ARCH = YES;
				SDKROOT = iphoneos;
				SWIFT_ACTIVE_COMPILATION_CONDITIONS = DEBUG;
				SWIFT_OPTIMIZATION_LEVEL = "-Onone";
			};
			name = Debug;
		};
		8049B1E12928A3E900495CA3 /* Release */ = {
			isa = XCBuildConfiguration;
			buildSettings = {
				ALWAYS_SEARCH_USER_PATHS = NO;
				CLANG_ANALYZER_NONNULL = YES;
				CLANG_ANALYZER_NUMBER_OBJECT_CONVERSION = YES_AGGRESSIVE;
				CLANG_CXX_LANGUAGE_STANDARD = "gnu++20";
				CLANG_ENABLE_MODULES = YES;
				CLANG_ENABLE_OBJC_ARC = YES;
				CLANG_ENABLE_OBJC_WEAK = YES;
				CLANG_WARN_BLOCK_CAPTURE_AUTORELEASING = YES;
				CLANG_WARN_BOOL_CONVERSION = YES;
				CLANG_WARN_COMMA = YES;
				CLANG_WARN_CONSTANT_CONVERSION = YES;
				CLANG_WARN_DEPRECATED_OBJC_IMPLEMENTATIONS = YES;
				CLANG_WARN_DIRECT_OBJC_ISA_USAGE = YES_ERROR;
				CLANG_WARN_DOCUMENTATION_COMMENTS = YES;
				CLANG_WARN_EMPTY_BODY = YES;
				CLANG_WARN_ENUM_CONVERSION = YES;
				CLANG_WARN_INFINITE_RECURSION = YES;
				CLANG_WARN_INT_CONVERSION = YES;
				CLANG_WARN_NON_LITERAL_NULL_CONVERSION = YES;
				CLANG_WARN_OBJC_IMPLICIT_RETAIN_SELF = YES;
				CLANG_WARN_OBJC_LITERAL_CONVERSION = YES;
				CLANG_WARN_OBJC_ROOT_CLASS = YES_ERROR;
				CLANG_WARN_QUOTED_INCLUDE_IN_FRAMEWORK_HEADER = YES;
				CLANG_WARN_RANGE_LOOP_ANALYSIS = YES;
				CLANG_WARN_STRICT_PROTOTYPES = YES;
				CLANG_WARN_SUSPICIOUS_MOVE = YES;
				CLANG_WARN_UNGUARDED_AVAILABILITY = YES_AGGRESSIVE;
				CLANG_WARN_UNREACHABLE_CODE = YES;
				CLANG_WARN__DUPLICATE_METHOD_MATCH = YES;
				COPY_PHASE_STRIP = NO;
				DEBUG_INFORMATION_FORMAT = "dwarf-with-dsym";
				ENABLE_NS_ASSERTIONS = NO;
				ENABLE_STRICT_OBJC_MSGSEND = YES;
				GCC_C_LANGUAGE_STANDARD = gnu11;
				GCC_NO_COMMON_BLOCKS = YES;
				GCC_WARN_64_TO_32_BIT_CONVERSION = YES;
				GCC_WARN_ABOUT_RETURN_TYPE = YES_ERROR;
				GCC_WARN_UNDECLARED_SELECTOR = YES;
				GCC_WARN_UNINITIALIZED_AUTOS = YES_AGGRESSIVE;
				GCC_WARN_UNUSED_FUNCTION = YES;
				GCC_WARN_UNUSED_VARIABLE = YES;
				IPHONEOS_DEPLOYMENT_TARGET = 16.1;
				MTL_ENABLE_DEBUG_INFO = NO;
				MTL_FAST_MATH = YES;
				SDKROOT = iphoneos;
				SWIFT_COMPILATION_MODE = wholemodule;
				SWIFT_OPTIMIZATION_LEVEL = "-O";
				VALIDATE_PRODUCT = YES;
			};
			name = Release;
		};
		8049B1E32928A3E900495CA3 /* Debug */ = {
			isa = XCBuildConfiguration;
			buildSettings = {
				ASSETCATALOG_COMPILER_APPICON_NAME = AppIcon;
				ASSETCATALOG_COMPILER_GLOBAL_ACCENT_COLOR_NAME = AccentColor;
				CODE_SIGN_STYLE = Automatic;
				CURRENT_PROJECT_VERSION = 1;
				DEVELOPMENT_TEAM = QFTSUT2C4R;
				GENERATE_INFOPLIST_FILE = YES;
				INFOPLIST_FILE = PageViewSample/Info.plist;
				INFOPLIST_KEY_UIApplicationSupportsIndirectInputEvents = YES;
				INFOPLIST_KEY_UILaunchStoryboardName = LaunchScreen;
				INFOPLIST_KEY_UIMainStoryboardFile = Main;
				INFOPLIST_KEY_UISupportedInterfaceOrientations_iPad = "UIInterfaceOrientationPortrait UIInterfaceOrientationPortraitUpsideDown UIInterfaceOrientationLandscapeLeft UIInterfaceOrientationLandscapeRight";
				INFOPLIST_KEY_UISupportedInterfaceOrientations_iPhone = "UIInterfaceOrientationPortrait UIInterfaceOrientationLandscapeLeft UIInterfaceOrientationLandscapeRight";
				LD_RUNPATH_SEARCH_PATHS = (
					"$(inherited)",
					"@executable_path/Frameworks",
				);
				MARKETING_VERSION = 1.0;
				PRODUCT_BUNDLE_IDENTIFIER = com.PageViewSample;
				PRODUCT_NAME = "$(TARGET_NAME)";
				SWIFT_EMIT_LOC_STRINGS = YES;
				SWIFT_VERSION = 5.0;
				TARGETED_DEVICE_FAMILY = "1,2";
			};
			name = Debug;
		};
		8049B1E42928A3E900495CA3 /* Release */ = {
			isa = XCBuildConfiguration;
			buildSettings = {
				ASSETCATALOG_COMPILER_APPICON_NAME = AppIcon;
				ASSETCATALOG_COMPILER_GLOBAL_ACCENT_COLOR_NAME = AccentColor;
				CODE_SIGN_STYLE = Automatic;
				CURRENT_PROJECT_VERSION = 1;
				DEVELOPMENT_TEAM = QFTSUT2C4R;
				GENERATE_INFOPLIST_FILE = YES;
				INFOPLIST_FILE = PageViewSample/Info.plist;
				INFOPLIST_KEY_UIApplicationSupportsIndirectInputEvents = YES;
				INFOPLIST_KEY_UILaunchStoryboardName = LaunchScreen;
				INFOPLIST_KEY_UIMainStoryboardFile = Main;
				INFOPLIST_KEY_UISupportedInterfaceOrientations_iPad = "UIInterfaceOrientationPortrait UIInterfaceOrientationPortraitUpsideDown UIInterfaceOrientationLandscapeLeft UIInterfaceOrientationLandscapeRight";
				INFOPLIST_KEY_UISupportedInterfaceOrientations_iPhone = "UIInterfaceOrientationPortrait UIInterfaceOrientationLandscapeLeft UIInterfaceOrientationLandscapeRight";
				LD_RUNPATH_SEARCH_PATHS = (
					"$(inherited)",
					"@executable_path/Frameworks",
				);
				MARKETING_VERSION = 1.0;
				PRODUCT_BUNDLE_IDENTIFIER = com.PageViewSample;
				PRODUCT_NAME = "$(TARGET_NAME)";
				SWIFT_EMIT_LOC_STRINGS = YES;
				SWIFT_VERSION = 5.0;
				TARGETED_DEVICE_FAMILY = "1,2";
			};
			name = Release;
		};
/* End XCBuildConfiguration section */

/* Begin XCConfigurationList section */
		8049B1C92928A3E800495CA3 /* Build configuration list for PBXProject "PageViewSample" */ = {
			isa = XCConfigurationList;
			buildConfigurations = (
				8049B1E02928A3E900495CA3 /* Debug */,
				8049B1E12928A3E900495CA3 /* Release */,
			);
			defaultConfigurationIsVisible = 0;
			defaultConfigurationName = Release;
		};
		8049B1E22928A3E900495CA3 /* Build configuration list for PBXNativeTarget "PageViewSample" */ = {
			isa = XCConfigurationList;
			buildConfigurations = (
				8049B1E32928A3E900495CA3 /* Debug */,
				8049B1E42928A3E900495CA3 /* Release */,
			);
			defaultConfigurationIsVisible = 0;
			defaultConfigurationName = Release;
		};
/* End XCConfigurationList section */
	};
	rootObject = 8049B1C62928A3E800495CA3 /* Project object */;
}
